
Microsoft Visual Studio Solution File, Format Version 12.00
# Visual Studio 14
VisualStudioVersion = 14.0.23107.0
MinimumVisualStudioVersion = 10.0.40219.1
Project("{F14B399A-7131-4C87-9E4B-1186C45EF12D}") = "Assignment 2 Report", "Assignment 2 Report\Assignment 2 Report.rptproj", "{40723ED4-DEBD-44AC-853C-005B0F486BDF}"
EndProject
Global
	GlobalSection(SolutionConfigurationPlatforms) = preSolution
		Debug|Default = Debug|Default
		DebugLocal|Default = DebugLocal|Default
		Release|Default = Release|Default
	EndGlobalSection
	GlobalSection(ProjectConfigurationPlatforms) = postSolution
		{40723ED4-DEBD-44AC-853C-005B0F486BDF}.Debug|Default.ActiveCfg = Debug
		{40723ED4-DEBD-44AC-853C-005B0F486BDF}.Debug|Default.Build.0 = Debug
		{40723ED4-DEBD-44AC-853C-005B0F486BDF}.Debug|Default.Deploy.0 = Debug
		{40723ED4-DEBD-44AC-853C-005B0F486BDF}.DebugLocal|Default.ActiveCfg = DebugLocal
		{40723ED4-DEBD-44AC-853C-005B0F486BDF}.DebugLocal|Default.Build.0 = DebugLocal
		{40723ED4-DEBD-44AC-853C-005B0F486BDF}.Release|Default.ActiveCfg = Release
		{40723ED4-DEBD-44AC-853C-005B0F486BDF}.Release|Default.Build.0 = Release
		{40723ED4-DEBD-44AC-853C-005B0F486BDF}.Release|Default.Deploy.0 = Release
	EndGlobalSection
	GlobalSection(SolutionProperties) = preSolution
		HideSolutionNode = FALSE
	EndGlobalSection
EndGlobal
