
Microsoft Visual Studio Solution File, Format Version 12.00
# Visual Studio 14
VisualStudioVersion = 14.0.23107.0
MinimumVisualStudioVersion = 10.0.40219.1
Project("{D2ABAB84-BF74-430A-B69E-9DC6D40DDA17}") = "Assignment2 SSAS", "Assignment2 SSAS\Assignment2 SSAS.dwproj", "{AAF185CE-8A13-4985-8396-794197098B26}"
EndProject
Global
	GlobalSection(SolutionConfigurationPlatforms) = preSolution
		Development|Default = Development|Default
	EndGlobalSection
	GlobalSection(ProjectConfigurationPlatforms) = postSolution
		{AAF185CE-8A13-4985-8396-794197098B26}.Development|Default.ActiveCfg = Development
		{AAF185CE-8A13-4985-8396-794197098B26}.Development|Default.Build.0 = Development
		{AAF185CE-8A13-4985-8396-794197098B26}.Development|Default.Deploy.0 = Development
	EndGlobalSection
	GlobalSection(SolutionProperties) = preSolution
		HideSolutionNode = FALSE
	EndGlobalSection
EndGlobal
